
Microsoft Visual Studio Solution File, Format Version 12.00
# Visual Studio Version 16
VisualStudioVersion = 16.0.28803.352
MinimumVisualStudioVersion = 10.0.40219.1
Project("{FAE04EC0-301F-11D3-BF4B-00C04F79EFBC}") = "WebApplication1", "WebApplication1\WebApplication1.csproj", "{C8E11B29-8243-4A63-AB6D-85AD7531760C}"
EndProject
Global
	GlobalSection(SolutionConfigurationPlatforms) = preSolution
		Debug|Any CPU = Debug|Any CPU
		Release|Any CPU = Release|Any CPU
	EndGlobalSection
	GlobalSection(ProjectConfigurationPlatforms) = postSolution
		{C8E11B29-8243-4A63-AB6D-85AD7531760C}.Debug|Any CPU.ActiveCfg = Debug|Any CPU
		{C8E11B29-8243-4A63-AB6D-85AD7531760C}.Debug|Any CPU.Build.0 = Debug|Any CPU
		{C8E11B29-8243-4A63-AB6D-85AD7531760C}.Release|Any CPU.ActiveCfg = Release|Any CPU
		{C8E11B29-8243-4A63-AB6D-85AD7531760C}.Release|Any CPU.Build.0 = Release|Any CPU
	EndGlobalSection
	GlobalSection(SolutionProperties) = preSolution
		HideSolutionNode = FALSE
	EndGlobalSection
	GlobalSection(ExtensibilityGlobals) = postSolution
		SolutionGuid = {7228575C-745E-47CD-B530-F0C06DB91706}
	EndGlobalSection
EndGlobal
